
Microsoft Visual Studio Solution File, Format Version 12.00
# Visual Studio 15
Project("{FAE04EC0-301F-11D3-BF4B-00C04F79EFBC}") = "Assembly-CSharp", "Assembly-CSharp.csproj", "{5F9571AD-21B8-9252-A853-04D6DC78753C}"
EndProject
Project("{FAE04EC0-301F-11D3-BF4B-00C04F79EFBC}") = "Assembly-CSharp-Editor", "Assembly-CSharp-Editor.csproj", "{9FE35B01-389E-D3D6-6497-0614D80F7929}"
EndProject
Global
	GlobalSection(SolutionConfigurationPlatforms) = preSolution
		Debug|Any CPU = Debug|Any CPU
		Release|Any CPU = Release|Any CPU
	EndGlobalSection
	GlobalSection(ProjectConfigurationPlatforms) = postSolution
		{5F9571AD-21B8-9252-A853-04D6DC78753C}.Debug|Any CPU.ActiveCfg = Debug|Any CPU
		{5F9571AD-21B8-9252-A853-04D6DC78753C}.Debug|Any CPU.Build.0 = Debug|Any CPU
		{5F9571AD-21B8-9252-A853-04D6DC78753C}.Release|Any CPU.ActiveCfg = Release|Any CPU
		{5F9571AD-21B8-9252-A853-04D6DC78753C}.Release|Any CPU.Build.0 = Release|Any CPU
		{9FE35B01-389E-D3D6-6497-0614D80F7929}.Debug|Any CPU.ActiveCfg = Debug|Any CPU
		{9FE35B01-389E-D3D6-6497-0614D80F7929}.Debug|Any CPU.Build.0 = Debug|Any CPU
		{9FE35B01-389E-D3D6-6497-0614D80F7929}.Release|Any CPU.ActiveCfg = Release|Any CPU
		{9FE35B01-389E-D3D6-6497-0614D80F7929}.Release|Any CPU.Build.0 = Release|Any CPU
	EndGlobalSection
	GlobalSection(SolutionProperties) = preSolution
		HideSolutionNode = FALSE
	EndGlobalSection
EndGlobal
